// !$*UTF8*$!
{
	archiveVersion = 1;
	classes = {
	};
	objectVersion = 56;
	objects = {

/* Begin PBXBuildFile section */
		755B76A12A1DFAD0006605A1 /* GaytectorApp.swift in Sources */ = {isa = PBXBuildFile; fileRef = 755B76A02A1DFAD0006605A1 /* GaytectorApp.swift */; };
		755B76A32A1DFAD0006605A1 /* ContentView.swift in Sources */ = {isa = PBXBuildFile; fileRef = 755B76A22A1DFAD0006605A1 /* ContentView.swift */; };
		755B76A52A1DFAD1006605A1 /* Assets.xcassets in Resources */ = {isa = PBXBuildFile; fileRef = 755B76A42A1DFAD1006605A1 /* Assets.xcassets */; };
		755B76A82A1DFAD1006605A1 /* Preview Assets.xcassets in Resources */ = {isa = PBXBuildFile; fileRef = 755B76A72A1DFAD1006605A1 /* Preview Assets.xcassets */; };
		755B76B22A1DFAD1006605A1 /* GaytectorTests.swift in Sources */ = {isa = PBXBuildFile; fileRef = 755B76B12A1DFAD1006605A1 /* GaytectorTests.swift */; };
		755B76BC2A1DFAD1006605A1 /* GaytectorUITests.swift in Sources */ = {isa = PBXBuildFile; fileRef = 755B76BB2A1DFAD1006605A1 /* GaytectorUITests.swift */; };
		755B76BE2A1DFAD1006605A1 /* GaytectorUITestsLaunchTests.swift in Sources */ = {isa = PBXBuildFile; fileRef = 755B76BD2A1DFAD1006605A1 /* GaytectorUITestsLaunchTests.swift */; };
		755B76CD2A1DFC91006605A1 /* ContentViewModel.swift in Sources */ = {isa = PBXBuildFile; fileRef = 755B76CC2A1DFC91006605A1 /* ContentViewModel.swift */; };
		755B76CF2A1E011D006605A1 /* MobileNetV2.mlmodel in Sources */ = {isa = PBXBuildFile; fileRef = 755B76CE2A1E011D006605A1 /* MobileNetV2.mlmodel */; };
		755B76D12A1E0562006605A1 /* ImagePicker.swift in Sources */ = {isa = PBXBuildFile; fileRef = 755B76D02A1E0562006605A1 /* ImagePicker.swift */; };
		755B76D32A1E05D5006605A1 /* ClassificationService.swift in Sources */ = {isa = PBXBuildFile; fileRef = 755B76D22A1E05D5006605A1 /* ClassificationService.swift */; };
		755B76D72A1E1047006605A1 /* GenderNet.mlpackage in Sources */ = {isa = PBXBuildFile; fileRef = 755B76D62A1E1047006605A1 /* GenderNet.mlpackage */; };
		755B76DB2A1E296E006605A1 /* skull music.mp3 in Resources */ = {isa = PBXBuildFile; fileRef = 755B76DA2A1E296E006605A1 /* skull music.mp3 */; };
		755B76DD2A1E338A006605A1 /* hell.mp3 in Resources */ = {isa = PBXBuildFile; fileRef = 755B76DC2A1E338A006605A1 /* hell.mp3 */; };
		755B76DF2A1E3992006605A1 /* heaven.mp3 in Resources */ = {isa = PBXBuildFile; fileRef = 755B76DE2A1E3992006605A1 /* heaven.mp3 */; };
/* End PBXBuildFile section */

/* Begin PBXContainerItemProxy section */
		755B76AE2A1DFAD1006605A1 /* PBXContainerItemProxy */ = {
			isa = PBXContainerItemProxy;
			containerPortal = 755B76952A1DFAD0006605A1 /* Project object */;
			proxyType = 1;
			remoteGlobalIDString = 755B769C2A1DFAD0006605A1;
			remoteInfo = Gaytector;
		};
		755B76B82A1DFAD1006605A1 /* PBXContainerItemProxy */ = {
			isa = PBXContainerItemProxy;
			containerPortal = 755B76952A1DFAD0006605A1 /* Project object */;
			proxyType = 1;
			remoteGlobalIDString = 755B769C2A1DFAD0006605A1;
			remoteInfo = Gaytector;
		};
/* End PBXContainerItemProxy section */

/* Begin PBXFileReference section */
		755B769D2A1DFAD0006605A1 /* Gaytector.app */ = {isa = PBXFileReference; explicitFileType = wrapper.application; includeInIndex = 0; path = Gaytector.app; sourceTree = BUILT_PRODUCTS_DIR; };
		755B76A02A1DFAD0006605A1 /* GaytectorApp.swift */ = {isa = PBXFileReference; lastKnownFileType = sourcecode.swift; path = GaytectorApp.swift; sourceTree = "<group>"; };
		755B76A22A1DFAD0006605A1 /* ContentView.swift */ = {isa = PBXFileReference; lastKnownFileType = sourcecode.swift; path = ContentView.swift; sourceTree = "<group>"; };
		755B76A42A1DFAD1006605A1 /* Assets.xcassets */ = {isa = PBXFileReference; lastKnownFileType = folder.assetcatalog; path = Assets.xcassets; sourceTree = "<group>"; };
		755B76A72A1DFAD1006605A1 /* Preview Assets.xcassets */ = {isa = PBXFileReference; lastKnownFileType = folder.assetcatalog; path = "Preview Assets.xcassets"; sourceTree = "<group>"; };
		755B76AD2A1DFAD1006605A1 /* GaytectorTests.xctest */ = {isa = PBXFileReference; explicitFileType = wrapper.cfbundle; includeInIndex = 0; path = GaytectorTests.xctest; sourceTree = BUILT_PRODUCTS_DIR; };
		755B76B12A1DFAD1006605A1 /* GaytectorTests.swift */ = {isa = PBXFileReference; lastKnownFileType = sourcecode.swift; path = GaytectorTests.swift; sourceTree = "<group>"; };
		755B76B72A1DFAD1006605A1 /* GaytectorUITests.xctest */ = {isa = PBXFileReference; explicitFileType = wrapper.cfbundle; includeInIndex = 0; path = GaytectorUITests.xctest; sourceTree = BUILT_PRODUCTS_DIR; };
		755B76BB2A1DFAD1006605A1 /* GaytectorUITests.swift */ = {isa = PBXFileReference; lastKnownFileType = sourcecode.swift; path = GaytectorUITests.swift; sourceTree = "<group>"; };
		755B76BD2A1DFAD1006605A1 /* GaytectorUITestsLaunchTests.swift */ = {isa = PBXFileReference; lastKnownFileType = sourcecode.swift; path = GaytectorUITestsLaunchTests.swift; sourceTree = "<group>"; };
		755B76CC2A1DFC91006605A1 /* ContentViewModel.swift */ = {isa = PBXFileReference; lastKnownFileType = sourcecode.swift; path = ContentViewModel.swift; sourceTree = "<group>"; };
		755B76CE2A1E011D006605A1 /* MobileNetV2.mlmodel */ = {isa = PBXFileReference; lastKnownFileType = file.mlmodel; path = MobileNetV2.mlmodel; sourceTree = "<group>"; };
		755B76D02A1E0562006605A1 /* ImagePicker.swift */ = {isa = PBXFileReference; fileEncoding = 4; lastKnownFileType = sourcecode.swift; path = ImagePicker.swift; sourceTree = "<group>"; };
		755B76D22A1E05D5006605A1 /* ClassificationService.swift */ = {isa = PBXFileReference; fileEncoding = 4; lastKnownFileType = sourcecode.swift; path = ClassificationService.swift; sourceTree = "<group>"; };
		755B76D62A1E1047006605A1 /* GenderNet.mlpackage */ = {isa = PBXFileReference; lastKnownFileType = folder.mlpackage; path = GenderNet.mlpackage; sourceTree = "<group>"; };
		755B76D82A1E244E006605A1 /* COMIC.TTF */ = {isa = PBXFileReference; lastKnownFileType = file; path = COMIC.TTF; sourceTree = "<group>"; };
		755B76D92A1E24A9006605A1 /* Info.plist */ = {isa = PBXFileReference; lastKnownFileType = text.plist; path = Info.plist; sourceTree = "<group>"; };
		755B76DA2A1E296E006605A1 /* skull music.mp3 */ = {isa = PBXFileReference; lastKnownFileType = audio.mp3; path = "skull music.mp3"; sourceTree = "<group>"; };
		755B76DC2A1E338A006605A1 /* hell.mp3 */ = {isa = PBXFileReference; lastKnownFileType = audio.mp3; path = hell.mp3; sourceTree = "<group>"; };
		755B76DE2A1E3992006605A1 /* heaven.mp3 */ = {isa = PBXFileReference; lastKnownFileType = audio.mp3; path = heaven.mp3; sourceTree = "<group>"; };
/* End PBXFileReference section */

/* Begin PBXFrameworksBuildPhase section */
		755B769A2A1DFAD0006605A1 /* Frameworks */ = {
			isa = PBXFrameworksBuildPhase;
			buildActionMask = 2147483647;
			files = (
			);
			runOnlyForDeploymentPostprocessing = 0;
		};
		755B76AA2A1DFAD1006605A1 /* Frameworks */ = {
			isa = PBXFrameworksBuildPhase;
			buildActionMask = 2147483647;
			files = (
			);
			runOnlyForDeploymentPostprocessing = 0;
		};
		755B76B42A1DFAD1006605A1 /* Frameworks */ = {
			isa = PBXFrameworksBuildPhase;
			buildActionMask = 2147483647;
			files = (
			);
			runOnlyForDeploymentPostprocessing = 0;
		};
/* End PBXFrameworksBuildPhase section */

/* Begin PBXGroup section */
		755B76942A1DFAD0006605A1 = {
			isa = PBXGroup;
			children = (
				755B769F2A1DFAD0006605A1 /* Gaytector */,
				755B76B02A1DFAD1006605A1 /* GaytectorTests */,
				755B76BA2A1DFAD1006605A1 /* GaytectorUITests */,
				755B769E2A1DFAD0006605A1 /* Products */,
			);
			sourceTree = "<group>";
		};
		755B769E2A1DFAD0006605A1 /* Products */ = {
			isa = PBXGroup;
			children = (
				755B769D2A1DFAD0006605A1 /* Gaytector.app */,
				755B76AD2A1DFAD1006605A1 /* GaytectorTests.xctest */,
				755B76B72A1DFAD1006605A1 /* GaytectorUITests.xctest */,
			);
			name = Products;
			sourceTree = "<group>";
		};
		755B769F2A1DFAD0006605A1 /* Gaytector */ = {
			isa = PBXGroup;
			children = (
				755B76DC2A1E338A006605A1 /* hell.mp3 */,
				755B76DE2A1E3992006605A1 /* heaven.mp3 */,
				755B76DA2A1E296E006605A1 /* skull music.mp3 */,
				755B76D92A1E24A9006605A1 /* Info.plist */,
				755B76D82A1E244E006605A1 /* COMIC.TTF */,
				755B76D62A1E1047006605A1 /* GenderNet.mlpackage */,
				755B76D22A1E05D5006605A1 /* ClassificationService.swift */,
				755B76CE2A1E011D006605A1 /* MobileNetV2.mlmodel */,
				755B76A02A1DFAD0006605A1 /* GaytectorApp.swift */,
				755B76A22A1DFAD0006605A1 /* ContentView.swift */,
				755B76D02A1E0562006605A1 /* ImagePicker.swift */,
				755B76CC2A1DFC91006605A1 /* ContentViewModel.swift */,
				755B76A42A1DFAD1006605A1 /* Assets.xcassets */,
				755B76A62A1DFAD1006605A1 /* Preview Content */,
			);
			path = Gaytector;
			sourceTree = "<group>";
		};
		755B76A62A1DFAD1006605A1 /* Preview Content */ = {
			isa = PBXGroup;
			children = (
				755B76A72A1DFAD1006605A1 /* Preview Assets.xcassets */,
			);
			path = "Preview Content";
			sourceTree = "<group>";
		};
		755B76B02A1DFAD1006605A1 /* GaytectorTests */ = {
			isa = PBXGroup;
			children = (
				755B76B12A1DFAD1006605A1 /* GaytectorTests.swift */,
			);
			path = GaytectorTests;
			sourceTree = "<group>";
		};
		755B76BA2A1DFAD1006605A1 /* GaytectorUITests */ = {
			isa = PBXGroup;
			children = (
				755B76BB2A1DFAD1006605A1 /* GaytectorUITests.swift */,
				755B76BD2A1DFAD1006605A1 /* GaytectorUITestsLaunchTests.swift */,
			);
			path = GaytectorUITests;
			sourceTree = "<group>";
		};
/* End PBXGroup section */

/* Begin PBXNativeTarget section */
		755B769C2A1DFAD0006605A1 /* Gaytector */ = {
			isa = PBXNativeTarget;
			buildConfigurationList = 755B76C12A1DFAD1006605A1 /* Build configuration list for PBXNativeTarget "Gaytector" */;
			buildPhases = (
				755B76992A1DFAD0006605A1 /* Sources */,
				755B769A2A1DFAD0006605A1 /* Frameworks */,
				755B769B2A1DFAD0006605A1 /* Resources */,
			);
			buildRules = (
			);
			dependencies = (
			);
			name = Gaytector;
			productName = Gaytector;
			productReference = 755B769D2A1DFAD0006605A1 /* Gaytector.app */;
			productType = "com.apple.product-type.application";
		};
		755B76AC2A1DFAD1006605A1 /* GaytectorTests */ = {
			isa = PBXNativeTarget;
			buildConfigurationList = 755B76C42A1DFAD1006605A1 /* Build configuration list for PBXNativeTarget "GaytectorTests" */;
			buildPhases = (
				755B76A92A1DFAD1006605A1 /* Sources */,
				755B76AA2A1DFAD1006605A1 /* Frameworks */,
				755B76AB2A1DFAD1006605A1 /* Resources */,
			);
			buildRules = (
			);
			dependencies = (
				755B76AF2A1DFAD1006605A1 /* PBXTargetDependency */,
			);
			name = GaytectorTests;
			productName = GaytectorTests;
			productReference = 755B76AD2A1DFAD1006605A1 /* GaytectorTests.xctest */;
			productType = "com.apple.product-type.bundle.unit-test";
		};
		755B76B62A1DFAD1006605A1 /* GaytectorUITests */ = {
			isa = PBXNativeTarget;
			buildConfigurationList = 755B76C72A1DFAD1006605A1 /* Build configuration list for PBXNativeTarget "GaytectorUITests" */;
			buildPhases = (
				755B76B32A1DFAD1006605A1 /* Sources */,
				755B76B42A1DFAD1006605A1 /* Frameworks */,
				755B76B52A1DFAD1006605A1 /* Resources */,
			);
			buildRules = (
			);
			dependencies = (
				755B76B92A1DFAD1006605A1 /* PBXTargetDependency */,
			);
			name = GaytectorUITests;
			productName = GaytectorUITests;
			productReference = 755B76B72A1DFAD1006605A1 /* GaytectorUITests.xctest */;
			productType = "com.apple.product-type.bundle.ui-testing";
		};
/* End PBXNativeTarget section */

/* Begin PBXProject section */
		755B76952A1DFAD0006605A1 /* Project object */ = {
			isa = PBXProject;
			attributes = {
				BuildIndependentTargetsInParallel = 1;
				LastSwiftUpdateCheck = 1430;
				LastUpgradeCheck = 1430;
				TargetAttributes = {
					755B769C2A1DFAD0006605A1 = {
						CreatedOnToolsVersion = 14.3;
					};
					755B76AC2A1DFAD1006605A1 = {
						CreatedOnToolsVersion = 14.3;
						TestTargetID = 755B769C2A1DFAD0006605A1;
					};
					755B76B62A1DFAD1006605A1 = {
						CreatedOnToolsVersion = 14.3;
						TestTargetID = 755B769C2A1DFAD0006605A1;
					};
				};
			};
			buildConfigurationList = 755B76982A1DFAD0006605A1 /* Build configuration list for PBXProject "Gaytector" */;
			compatibilityVersion = "Xcode 14.0";
			developmentRegion = en;
			hasScannedForEncodings = 0;
			knownRegions = (
				en,
				Base,
			);
			mainGroup = 755B76942A1DFAD0006605A1;
			productRefGroup = 755B769E2A1DFAD0006605A1 /* Products */;
			projectDirPath = "";
			projectRoot = "";
			targets = (
				755B769C2A1DFAD0006605A1 /* Gaytector */,
				755B76AC2A1DFAD1006605A1 /* GaytectorTests */,
				755B76B62A1DFAD1006605A1 /* GaytectorUITests */,
			);
		};
/* End PBXProject section */

/* Begin PBXResourcesBuildPhase section */
		755B769B2A1DFAD0006605A1 /* Resources */ = {
			isa = PBXResourcesBuildPhase;
			buildActionMask = 2147483647;
			files = (
				755B76A82A1DFAD1006605A1 /* Preview Assets.xcassets in Resources */,
				755B76A52A1DFAD1006605A1 /* Assets.xcassets in Resources */,
				755B76DB2A1E296E006605A1 /* skull music.mp3 in Resources */,
				755B76DF2A1E3992006605A1 /* heaven.mp3 in Resources */,
				755B76DD2A1E338A006605A1 /* hell.mp3 in Resources */,
			);
			runOnlyForDeploymentPostprocessing = 0;
		};
		755B76AB2A1DFAD1006605A1 /* Resources */ = {
			isa = PBXResourcesBuildPhase;
			buildActionMask = 2147483647;
			files = (
			);
			runOnlyForDeploymentPostprocessing = 0;
		};
		755B76B52A1DFAD1006605A1 /* Resources */ = {
			isa = PBXResourcesBuildPhase;
			buildActionMask = 2147483647;
			files = (
			);
			runOnlyForDeploymentPostprocessing = 0;
		};
/* End PBXResourcesBuildPhase section */

/* Begin PBXSourcesBuildPhase section */
		755B76992A1DFAD0006605A1 /* Sources */ = {
			isa = PBXSourcesBuildPhase;
			buildActionMask = 2147483647;
			files = (
				755B76A32A1DFAD0006605A1 /* ContentView.swift in Sources */,
				755B76A12A1DFAD0006605A1 /* GaytectorApp.swift in Sources */,
				755B76D72A1E1047006605A1 /* GenderNet.mlpackage in Sources */,
				755B76D12A1E0562006605A1 /* ImagePicker.swift in Sources */,
				755B76CF2A1E011D006605A1 /* MobileNetV2.mlmodel in Sources */,
				755B76CD2A1DFC91006605A1 /* ContentViewModel.swift in Sources */,
				755B76D32A1E05D5006605A1 /* ClassificationService.swift in Sources */,
			);
			runOnlyForDeploymentPostprocessing = 0;
		};
		755B76A92A1DFAD1006605A1 /* Sources */ = {
			isa = PBXSourcesBuildPhase;
			buildActionMask = 2147483647;
			files = (
				755B76B22A1DFAD1006605A1 /* GaytectorTests.swift in Sources */,
			);
			runOnlyForDeploymentPostprocessing = 0;
		};
		755B76B32A1DFAD1006605A1 /* Sources */ = {
			isa = PBXSourcesBuildPhase;
			buildActionMask = 2147483647;
			files = (
				755B76BC2A1DFAD1006605A1 /* GaytectorUITests.swift in Sources */,
				755B76BE2A1DFAD1006605A1 /* GaytectorUITestsLaunchTests.swift in Sources */,
			);
			runOnlyForDeploymentPostprocessing = 0;
		};
/* End PBXSourcesBuildPhase section */

/* Begin PBXTargetDependency section */
		755B76AF2A1DFAD1006605A1 /* PBXTargetDependency */ = {
			isa = PBXTargetDependency;
			target = 755B769C2A1DFAD0006605A1 /* Gaytector */;
			targetProxy = 755B76AE2A1DFAD1006605A1 /* PBXContainerItemProxy */;
		};
		755B76B92A1DFAD1006605A1 /* PBXTargetDependency */ = {
			isa = PBXTargetDependency;
			target = 755B769C2A1DFAD0006605A1 /* Gaytector */;
			targetProxy = 755B76B82A1DFAD1006605A1 /* PBXContainerItemProxy */;
		};
/* End PBXTargetDependency section */

/* Begin XCBuildConfiguration section */
		755B76BF2A1DFAD1006605A1 /* Debug */ = {
			isa = XCBuildConfiguration;
			buildSettings = {
				ALWAYS_SEARCH_USER_PATHS = NO;
				CLANG_ANALYZER_NONNULL = YES;
				CLANG_ANALYZER_NUMBER_OBJECT_CONVERSION = YES_AGGRESSIVE;
				CLANG_CXX_LANGUAGE_STANDARD = "gnu++20";
				CLANG_ENABLE_MODULES = YES;
				CLANG_ENABLE_OBJC_ARC = YES;
				CLANG_ENABLE_OBJC_WEAK = YES;
				CLANG_WARN_BLOCK_CAPTURE_AUTORELEASING = YES;
				CLANG_WARN_BOOL_CONVERSION = YES;
				CLANG_WARN_COMMA = YES;
				CLANG_WARN_CONSTANT_CONVERSION = YES;
				CLANG_WARN_DEPRECATED_OBJC_IMPLEMENTATIONS = YES;
				CLANG_WARN_DIRECT_OBJC_ISA_USAGE = YES_ERROR;
				CLANG_WARN_DOCUMENTATION_COMMENTS = YES;
				CLANG_WARN_EMPTY_BODY = YES;
				CLANG_WARN_ENUM_CONVERSION = YES;
				CLANG_WARN_INFINITE_RECURSION = YES;
				CLANG_WARN_INT_CONVERSION = YES;
				CLANG_WARN_NON_LITERAL_NULL_CONVERSION = YES;
				CLANG_WARN_OBJC_IMPLICIT_RETAIN_SELF = YES;
				CLANG_WARN_OBJC_LITERAL_CONVERSION = YES;
				CLANG_WARN_OBJC_ROOT_CLASS = YES_ERROR;
				CLANG_WARN_QUOTED_INCLUDE_IN_FRAMEWORK_HEADER = YES;
				CLANG_WARN_RANGE_LOOP_ANALYSIS = YES;
				CLANG_WARN_STRICT_PROTOTYPES = YES;
				CLANG_WARN_SUSPICIOUS_MOVE = YES;
				CLANG_WARN_UNGUARDED_AVAILABILITY = YES_AGGRESSIVE;
				CLANG_WARN_UNREACHABLE_CODE = YES;
				CLANG_WARN__DUPLICATE_METHOD_MATCH = YES;
				COPY_PHASE_STRIP = NO;
				DEBUG_INFORMATION_FORMAT = dwarf;
				ENABLE_STRICT_OBJC_MSGSEND = YES;
				ENABLE_TESTABILITY = YES;
				GCC_C_LANGUAGE_STANDARD = gnu11;
				GCC_DYNAMIC_NO_PIC = NO;
				GCC_NO_COMMON_BLOCKS = YES;
				GCC_OPTIMIZATION_LEVEL = 0;
				GCC_PREPROCESSOR_DEFINITIONS = (
					"DEBUG=1",
					"$(inherited)",
				);
				GCC_WARN_64_TO_32_BIT_CONVERSION = YES;
				GCC_WARN_ABOUT_RETURN_TYPE = YES_ERROR;
				GCC_WARN_UNDECLARED_SELECTOR = YES;
				GCC_WARN_UNINITIALIZED_AUTOS = YES_AGGRESSIVE;
				GCC_WARN_UNUSED_FUNCTION = YES;
				GCC_WARN_UNUSED_VARIABLE = YES;
				IPHONEOS_DEPLOYMENT_TARGET = 16.4;
				MTL_ENABLE_DEBUG_INFO = INCLUDE_SOURCE;
				MTL_FAST_MATH = YES;
				ONLY_ACTIVE_ARCH = YES;
				SDKROOT = iphoneos;
				SWIFT_ACTIVE_COMPILATION_CONDITIONS = DEBUG;
				SWIFT_OPTIMIZATION_LEVEL = "-Onone";
			};
			name = Debug;
		};
		755B76C02A1DFAD1006605A1 /* Release */ = {
			isa = XCBuildConfiguration;
			buildSettings = {
				ALWAYS_SEARCH_USER_PATHS = NO;
				CLANG_ANALYZER_NONNULL = YES;
				CLANG_ANALYZER_NUMBER_OBJECT_CONVERSION = YES_AGGRESSIVE;
				CLANG_CXX_LANGUAGE_STANDARD = "gnu++20";
				CLANG_ENABLE_MODULES = YES;
				CLANG_ENABLE_OBJC_ARC = YES;
				CLANG_ENABLE_OBJC_WEAK = YES;
				CLANG_WARN_BLOCK_CAPTURE_AUTORELEASING = YES;
				CLANG_WARN_BOOL_CONVERSION = YES;
				CLANG_WARN_COMMA = YES;
				CLANG_WARN_CONSTANT_CONVERSION = YES;
				CLANG_WARN_DEPRECATED_OBJC_IMPLEMENTATIONS = YES;
				CLANG_WARN_DIRECT_OBJC_ISA_USAGE = YES_ERROR;
				CLANG_WARN_DOCUMENTATION_COMMENTS = YES;
				CLANG_WARN_EMPTY_BODY = YES;
				CLANG_WARN_ENUM_CONVERSION = YES;
				CLANG_WARN_INFINITE_RECURSION = YES;
				CLANG_WARN_INT_CONVERSION = YES;
				CLANG_WARN_NON_LITERAL_NULL_CONVERSION = YES;
				CLANG_WARN_OBJC_IMPLICIT_RETAIN_SELF = YES;
				CLANG_WARN_OBJC_LITERAL_CONVERSION = YES;
				CLANG_WARN_OBJC_ROOT_CLASS = YES_ERROR;
				CLANG_WARN_QUOTED_INCLUDE_IN_FRAMEWORK_HEADER = YES;
				CLANG_WARN_RANGE_LOOP_ANALYSIS = YES;
				CLANG_WARN_STRICT_PROTOTYPES = YES;
				CLANG_WARN_SUSPICIOUS_MOVE = YES;
				CLANG_WARN_UNGUARDED_AVAILABILITY = YES_AGGRESSIVE;
				CLANG_WARN_UNREACHABLE_CODE = YES;
				CLANG_WARN__DUPLICATE_METHOD_MATCH = YES;
				COPY_PHASE_STRIP = NO;
				DEBUG_INFORMATION_FORMAT = "dwarf-with-dsym";
				ENABLE_NS_ASSERTIONS = NO;
				ENABLE_STRICT_OBJC_MSGSEND = YES;
				GCC_C_LANGUAGE_STANDARD = gnu11;
				GCC_NO_COMMON_BLOCKS = YES;
				GCC_WARN_64_TO_32_BIT_CONVERSION = YES;
				GCC_WARN_ABOUT_RETURN_TYPE = YES_ERROR;
				GCC_WARN_UNDECLARED_SELECTOR = YES;
				GCC_WARN_UNINITIALIZED_AUTOS = YES_AGGRESSIVE;
				GCC_WARN_UNUSED_FUNCTION = YES;
				GCC_WARN_UNUSED_VARIABLE = YES;
				IPHONEOS_DEPLOYMENT_TARGET = 16.4;
				MTL_ENABLE_DEBUG_INFO = NO;
				MTL_FAST_MATH = YES;
				SDKROOT = iphoneos;
				SWIFT_COMPILATION_MODE = wholemodule;
				SWIFT_OPTIMIZATION_LEVEL = "-O";
				VALIDATE_PRODUCT = YES;
			};
			name = Release;
		};
		755B76C22A1DFAD1006605A1 /* Debug */ = {
			isa = XCBuildConfiguration;
			buildSettings = {
				ASSETCATALOG_COMPILER_APPICON_NAME = AppIcon;
				ASSETCATALOG_COMPILER_GLOBAL_ACCENT_COLOR_NAME = AccentColor;
				CODE_SIGN_STYLE = Automatic;
				CURRENT_PROJECT_VERSION = 1;
				DEVELOPMENT_ASSET_PATHS = "\"Gaytector/Preview Content\"";
				DEVELOPMENT_TEAM = HS7NCLHCHH;
				ENABLE_PREVIEWS = YES;
				GENERATE_INFOPLIST_FILE = YES;
				INFOPLIST_FILE = Gaytector/Info.plist;
				INFOPLIST_KEY_NSCameraUsageDescription = "Assess your face gayness";
				INFOPLIST_KEY_UIApplicationSceneManifest_Generation = YES;
				INFOPLIST_KEY_UIApplicationSupportsIndirectInputEvents = YES;
				INFOPLIST_KEY_UILaunchScreen_Generation = YES;
				INFOPLIST_KEY_UISupportedInterfaceOrientations_iPad = "UIInterfaceOrientationPortrait UIInterfaceOrientationPortraitUpsideDown UIInterfaceOrientationLandscapeLeft UIInterfaceOrientationLandscapeRight";
				INFOPLIST_KEY_UISupportedInterfaceOrientations_iPhone = "UIInterfaceOrientationPortrait UIInterfaceOrientationLandscapeLeft UIInterfaceOrientationLandscapeRight";
				LD_RUNPATH_SEARCH_PATHS = (
					"$(inherited)",
					"@executable_path/Frameworks",
				);
				MARKETING_VERSION = 1.0;
				PRODUCT_BUNDLE_IDENTIFIER = rivianpratama.Gaytector;
				PRODUCT_NAME = "$(TARGET_NAME)";
				SWIFT_EMIT_LOC_STRINGS = YES;
				SWIFT_VERSION = 5.0;
				TARGETED_DEVICE_FAMILY = "1,2";
			};
			name = Debug;
		};
		755B76C32A1DFAD1006605A1 /* Release */ = {
			isa = XCBuildConfiguration;
			buildSettings = {
				ASSETCATALOG_COMPILER_APPICON_NAME = AppIcon;
				ASSETCATALOG_COMPILER_GLOBAL_ACCENT_COLOR_NAME = AccentColor;
				CODE_SIGN_STYLE = Automatic;
				CURRENT_PROJECT_VERSION = 1;
				DEVELOPMENT_ASSET_PATHS = "\"Gaytector/Preview Content\"";
				DEVELOPMENT_TEAM = HS7NCLHCHH;
				ENABLE_PREVIEWS = YES;
				GENERATE_INFOPLIST_FILE = YES;
				INFOPLIST_FILE = Gaytector/Info.plist;
				INFOPLIST_KEY_NSCameraUsageDescription = "Assess your face gayness";
				INFOPLIST_KEY_UIApplicationSceneManifest_Generation = YES;
				INFOPLIST_KEY_UIApplicationSupportsIndirectInputEvents = YES;
				INFOPLIST_KEY_UILaunchScreen_Generation = YES;
				INFOPLIST_KEY_UISupportedInterfaceOrientations_iPad = "UIInterfaceOrientationPortrait UIInterfaceOrientationPortraitUpsideDown UIInterfaceOrientationLandscapeLeft UIInterfaceOrientationLandscapeRight";
				INFOPLIST_KEY_UISupportedInterfaceOrientations_iPhone = "UIInterfaceOrientationPortrait UIInterfaceOrientationLandscapeLeft UIInterfaceOrientationLandscapeRight";
				LD_RUNPATH_SEARCH_PATHS = (
					"$(inherited)",
					"@executable_path/Frameworks",
				);
				MARKETING_VERSION = 1.0;
				PRODUCT_BUNDLE_IDENTIFIER = rivianpratama.Gaytector;
				PRODUCT_NAME = "$(TARGET_NAME)";
				SWIFT_EMIT_LOC_STRINGS = YES;
				SWIFT_VERSION = 5.0;
				TARGETED_DEVICE_FAMILY = "1,2";
			};
			name = Release;
		};
		755B76C52A1DFAD1006605A1 /* Debug */ = {
			isa = XCBuildConfiguration;
			buildSettings = {
				ALWAYS_EMBED_SWIFT_STANDARD_LIBRARIES = YES;
				BUNDLE_LOADER = "$(TEST_HOST)";
				CODE_SIGN_STYLE = Automatic;
				CURRENT_PROJECT_VERSION = 1;
				DEVELOPMENT_TEAM = HS7NCLHCHH;
				GENERATE_INFOPLIST_FILE = YES;
				IPHONEOS_DEPLOYMENT_TARGET = 16.4;
				MARKETING_VERSION = 1.0;
				PRODUCT_BUNDLE_IDENTIFIER = rivianpratama.GaytectorTests;
				PRODUCT_NAME = "$(TARGET_NAME)";
				SWIFT_EMIT_LOC_STRINGS = NO;
				SWIFT_VERSION = 5.0;
				TARGETED_DEVICE_FAMILY = "1,2";
				TEST_HOST = "$(BUILT_PRODUCTS_DIR)/Gaytector.app/$(BUNDLE_EXECUTABLE_FOLDER_PATH)/Gaytector";
			};
			name = Debug;
		};
		755B76C62A1DFAD1006605A1 /* Release */ = {
			isa = XCBuildConfiguration;
			buildSettings = {
				ALWAYS_EMBED_SWIFT_STANDARD_LIBRARIES = YES;
				BUNDLE_LOADER = "$(TEST_HOST)";
				CODE_SIGN_STYLE = Automatic;
				CURRENT_PROJECT_VERSION = 1;
				DEVELOPMENT_TEAM = HS7NCLHCHH;
				GENERATE_INFOPLIST_FILE = YES;
				IPHONEOS_DEPLOYMENT_TARGET = 16.4;
				MARKETING_VERSION = 1.0;
				PRODUCT_BUNDLE_IDENTIFIER = rivianpratama.GaytectorTests;
				PRODUCT_NAME = "$(TARGET_NAME)";
				SWIFT_EMIT_LOC_STRINGS = NO;
				SWIFT_VERSION = 5.0;
				TARGETED_DEVICE_FAMILY = "1,2";
				TEST_HOST = "$(BUILT_PRODUCTS_DIR)/Gaytector.app/$(BUNDLE_EXECUTABLE_FOLDER_PATH)/Gaytector";
			};
			name = Release;
		};
		755B76C82A1DFAD1006605A1 /* Debug */ = {
			isa = XCBuildConfiguration;
			buildSettings = {
				ALWAYS_EMBED_SWIFT_STANDARD_LIBRARIES = YES;
				CODE_SIGN_STYLE = Automatic;
				CURRENT_PROJECT_VERSION = 1;
				DEVELOPMENT_TEAM = HS7NCLHCHH;
				GENERATE_INFOPLIST_FILE = YES;
				MARKETING_VERSION = 1.0;
				PRODUCT_BUNDLE_IDENTIFIER = rivianpratama.GaytectorUITests;
				PRODUCT_NAME = "$(TARGET_NAME)";
				SWIFT_EMIT_LOC_STRINGS = NO;
				SWIFT_VERSION = 5.0;
				TARGETED_DEVICE_FAMILY = "1,2";
				TEST_TARGET_NAME = Gaytector;
			};
			name = Debug;
		};
		755B76C92A1DFAD1006605A1 /* Release */ = {
			isa = XCBuildConfiguration;
			buildSettings = {
				ALWAYS_EMBED_SWIFT_STANDARD_LIBRARIES = YES;
				CODE_SIGN_STYLE = Automatic;
				CURRENT_PROJECT_VERSION = 1;
				DEVELOPMENT_TEAM = HS7NCLHCHH;
				GENERATE_INFOPLIST_FILE = YES;
				MARKETING_VERSION = 1.0;
				PRODUCT_BUNDLE_IDENTIFIER = rivianpratama.GaytectorUITests;
				PRODUCT_NAME = "$(TARGET_NAME)";
				SWIFT_EMIT_LOC_STRINGS = NO;
				SWIFT_VERSION = 5.0;
				TARGETED_DEVICE_FAMILY = "1,2";
				TEST_TARGET_NAME = Gaytector;
			};
			name = Release;
		};
/* End XCBuildConfiguration section */

/* Begin XCConfigurationList section */
		755B76982A1DFAD0006605A1 /* Build configuration list for PBXProject "Gaytector" */ = {
			isa = XCConfigurationList;
			buildConfigurations = (
				755B76BF2A1DFAD1006605A1 /* Debug */,
				755B76C02A1DFAD1006605A1 /* Release */,
			);
			defaultConfigurationIsVisible = 0;
			defaultConfigurationName = Release;
		};
		755B76C12A1DFAD1006605A1 /* Build configuration list for PBXNativeTarget "Gaytector" */ = {
			isa = XCConfigurationList;
			buildConfigurations = (
				755B76C22A1DFAD1006605A1 /* Debug */,
				755B76C32A1DFAD1006605A1 /* Release */,
			);
			defaultConfigurationIsVisible = 0;
			defaultConfigurationName = Release;
		};
		755B76C42A1DFAD1006605A1 /* Build configuration list for PBXNativeTarget "GaytectorTests" */ = {
			isa = XCConfigurationList;
			buildConfigurations = (
				755B76C52A1DFAD1006605A1 /* Debug */,
				755B76C62A1DFAD1006605A1 /* Release */,
			);
			defaultConfigurationIsVisible = 0;
			defaultConfigurationName = Release;
		};
		755B76C72A1DFAD1006605A1 /* Build configuration list for PBXNativeTarget "GaytectorUITests" */ = {
			isa = XCConfigurationList;
			buildConfigurations = (
				755B76C82A1DFAD1006605A1 /* Debug */,
				755B76C92A1DFAD1006605A1 /* Release */,
			);
			defaultConfigurationIsVisible = 0;
			defaultConfigurationName = Release;
		};
/* End XCConfigurationList section */
	};
	rootObject = 755B76952A1DFAD0006605A1 /* Project object */;
}
